
Microsoft Visual Studio Solution File, Format Version 12.00
# Visual Studio Version 18
VisualStudioVersion = 18.2.11415.280 d18.0
MinimumVisualStudioVersion = 10.0.40219.1
Project("{FAE04EC0-301F-11D3-BF4B-00C04F79EFBC}") = "p1", "p1.csproj", "{ACE11206-44E0-4F32-82E3-97B403006A46}"
EndProject
Global
	GlobalSection(SolutionConfigurationPlatforms) = preSolution
		Debug|Any CPU = Debug|Any CPU
		Release|Any CPU = Release|Any CPU
	EndGlobalSection
	GlobalSection(ProjectConfigurationPlatforms) = postSolution
		{ACE11206-44E0-4F32-82E3-97B403006A46}.Debug|Any CPU.ActiveCfg = Debug|Any CPU
		{ACE11206-44E0-4F32-82E3-97B403006A46}.Debug|Any CPU.Build.0 = Debug|Any CPU
		{ACE11206-44E0-4F32-82E3-97B403006A46}.Release|Any CPU.ActiveCfg = Release|Any CPU
		{ACE11206-44E0-4F32-82E3-97B403006A46}.Release|Any CPU.Build.0 = Release|Any CPU
	EndGlobalSection
	GlobalSection(SolutionProperties) = preSolution
		HideSolutionNode = FALSE
	EndGlobalSection
	GlobalSection(ExtensibilityGlobals) = postSolution
		SolutionGuid = {2AFC12E5-3F35-456D-8C3C-F14A9CED5AC8}
	EndGlobalSection
EndGlobal
